
Microsoft Visual Studio Solution File, Format Version 12.00
# Visual Studio Version 17
VisualStudioVersion = 17.11.35312.102
MinimumVisualStudioVersion = 10.0.40219.1
Project("{FAE04EC0-301F-11D3-BF4B-00C04F79EFBC}") = "KoB_POC_RadzenTabsIssue", "KoB_POC_RadzenTabsIssue\KoB_POC_RadzenTabsIssue.csproj", "{041E04FE-BAC2-4D0D-BA9A-477A312C704B}"
EndProject
Global
	GlobalSection(SolutionConfigurationPlatforms) = preSolution
		Debug|Any CPU = Debug|Any CPU
		Release|Any CPU = Release|Any CPU
	EndGlobalSection
	GlobalSection(ProjectConfigurationPlatforms) = postSolution
		{041E04FE-BAC2-4D0D-BA9A-477A312C704B}.Debug|Any CPU.ActiveCfg = Debug|Any CPU
		{041E04FE-BAC2-4D0D-BA9A-477A312C704B}.Debug|Any CPU.Build.0 = Debug|Any CPU
		{041E04FE-BAC2-4D0D-BA9A-477A312C704B}.Release|Any CPU.ActiveCfg = Release|Any CPU
		{041E04FE-BAC2-4D0D-BA9A-477A312C704B}.Release|Any CPU.Build.0 = Release|Any CPU
	EndGlobalSection
	GlobalSection(SolutionProperties) = preSolution
		HideSolutionNode = FALSE
	EndGlobalSection
	GlobalSection(ExtensibilityGlobals) = postSolution
		SolutionGuid = {56F21C70-5ABB-4137-84B6-65E7AAEDA8F1}
	EndGlobalSection
EndGlobal
